{
  "name": "@capacitor-community/preferences-react",
  "version": "0.1.0",
  "lockfileVersion": 2,
  "requires": true,
  "packages": {
    "": {
      "name": "@capacitor-community/preferences-react",
      "version": "0.1.0",
      "license": "MIT",
      "peerDependencies": {
        "@capacitor/core": ">=4.0.0",
        "@capacitor/preferences": "*",
        "react": "*"
      }
    },
    "node_modules/@capacitor/core": {
      "version": "4.1.0",
      "resolved": "https://registry.npmjs.org/@capacitor/core/-/core-4.1.0.tgz",
      "integrity": "sha512-bMYFnC5l5n11D/kLTz9TOOJfUH+nQqYRwzG7h5h4AXIm8aFxH5ZY3iFlDZd7R4xcyrlnfxzfoooSH9trPjRBLA==",
      "peer": true,
      "dependencies": {
        "tslib": "^2.1.0"
      }
    },
    "node_modules/@capacitor/preferences": {
      "version": "4.0.1",
      "resolved": "https://registry.npmjs.org/@capacitor/preferences/-/preferences-4.0.1.tgz",
      "integrity": "sha512-FffJjKS4XcodUj/rtFtWizQ9q/oYDSn5opZ+JYwj/EkjiMWMhY/Pk9lN3vwQfp+VJrTt3hjr+bwKXjhTbYBqKw==",
      "peer": true,
      "peerDependencies": {
        "@capacitor/core": "^4.0.0"
      }
    },
    "node_modules/js-tokens": {
      "version": "4.0.0",
      "resolved": "https://registry.npmjs.org/js-tokens/-/js-tokens-4.0.0.tgz",
      "integrity": "sha512-RdJUflcE3cUzKiMqQgsCu06FPu9UdIJO0beYbPhHN4k6apgJtifcoCtT9bcxOpYBtpD2kCM6Sbzg4CausW/PKQ==",
      "peer": true
    },
    "node_modules/loose-envify": {
      "version": "1.4.0",
      "resolved": "https://registry.npmjs.org/loose-envify/-/loose-envify-1.4.0.tgz",
      "integrity": "sha512-lyuxPGr/Wfhrlem2CL/UcnUc1zcqKAImBDzukY7Y5F/yQiNdko6+fRLevlw1HgMySw7f611UIY408EtxRSoK3Q==",
      "peer": true,
      "dependencies": {
        "js-tokens": "^3.0.0 || ^4.0.0"
      },
      "bin": {
        "loose-envify": "cli.js"
      }
    },
    "node_modules/react": {
      "version": "18.2.0",
      "resolved": "https://registry.npmjs.org/react/-/react-18.2.0.tgz",
      "integrity": "sha512-/3IjMdb2L9QbBdWiW5e3P2/npwMBaU9mHCSCUzNln0ZCYbcfTsGbTJrU/kGemdH2IWmB2ioZ+zkxtmq6g09fGQ==",
      "peer": true,
      "dependencies": {
        "loose-envify": "^1.1.0"
      },
      "engines": {
        "node": ">=0.10.0"
      }
    },
    "node_modules/tslib": {
      "version": "2.4.0",
      "resolved": "https://registry.npmjs.org/tslib/-/tslib-2.4.0.tgz",
      "integrity": "sha512-d6xOpEDfsi2CZVlPQzGeux8XMwLT9hssAsaPYExaQMuYskwb+x1x7J371tWlbBdWHroy99KnVB6qIkUbs5X3UQ==",
      "peer": true
    }
  },
  "dependencies": {
    "@capacitor/core": {
      "version": "4.1.0",
      "resolved": "https://registry.npmjs.org/@capacitor/core/-/core-4.1.0.tgz",
      "integrity": "sha512-bMYFnC5l5n11D/kLTz9TOOJfUH+nQqYRwzG7h5h4AXIm8aFxH5ZY3iFlDZd7R4xcyrlnfxzfoooSH9trPjRBLA==",
      "peer": true,
      "requires": {
        "tslib": "^2.1.0"
      }
    },
    "@capacitor/preferences": {
      "version": "4.0.1",
      "resolved": "https://registry.npmjs.org/@capacitor/preferences/-/preferences-4.0.1.tgz",
      "integrity": "sha512-FffJjKS4XcodUj/rtFtWizQ9q/oYDSn5opZ+JYwj/EkjiMWMhY/Pk9lN3vwQfp+VJrTt3hjr+bwKXjhTbYBqKw==",
      "peer": true,
      "requires": {}
    },
    "js-tokens": {
      "version": "4.0.0",
      "resolved": "https://registry.npmjs.org/js-tokens/-/js-tokens-4.0.0.tgz",
      "integrity": "sha512-RdJUflcE3cUzKiMqQgsCu06FPu9UdIJO0beYbPhHN4k6apgJtifcoCtT9bcxOpYBtpD2kCM6Sbzg4CausW/PKQ==",
      "peer": true
    },
    "loose-envify": {
      "version": "1.4.0",
      "resolved": "https://registry.npmjs.org/loose-envify/-/loose-envify-1.4.0.tgz",
      "integrity": "sha512-lyuxPGr/Wfhrlem2CL/UcnUc1zcqKAImBDzukY7Y5F/yQiNdko6+fRLevlw1HgMySw7f611UIY408EtxRSoK3Q==",
      "peer": true,
      "requires": {
        "js-tokens": "^3.0.0 || ^4.0.0"
      }
    },
    "react": {
      "version": "18.2.0",
      "resolved": "https://registry.npmjs.org/react/-/react-18.2.0.tgz",
      "integrity": "sha512-/3IjMdb2L9QbBdWiW5e3P2/npwMBaU9mHCSCUzNln0ZCYbcfTsGbTJrU/kGemdH2IWmB2ioZ+zkxtmq6g09fGQ==",
      "peer": true,
      "requires": {
        "loose-envify": "^1.1.0"
      }
    },
    "tslib": {
      "version": "2.4.0",
      "resolved": "https://registry.npmjs.org/tslib/-/tslib-2.4.0.tgz",
      "integrity": "sha512-d6xOpEDfsi2CZVlPQzGeux8XMwLT9hssAsaPYExaQMuYskwb+x1x7J371tWlbBdWHroy99KnVB6qIkUbs5X3UQ==",
      "peer": true
    }
  }
}
